
Microsoft Visual Studio Solution File, Format Version 12.00
# Visual Studio Version 16
VisualStudioVersion = 16.0.32929.386
MinimumVisualStudioVersion = 10.0.40219.1
Project("{FAE04EC0-301F-11D3-BF4B-00C04F79EFBC}") = "StandardWidgetToolkit_Framework", "StandardWidgetToolkit_Framework\StandardWidgetToolkit_Framework.csproj", "{D8F79984-1F27-451F-B5B2-81EEF667DD31}"
EndProject
Global
	GlobalSection(SolutionConfigurationPlatforms) = preSolution
		Debug|Any CPU = Debug|Any CPU
		Release|Any CPU = Release|Any CPU
	EndGlobalSection
	GlobalSection(ProjectConfigurationPlatforms) = postSolution
		{D8F79984-1F27-451F-B5B2-81EEF667DD31}.Debug|Any CPU.ActiveCfg = Debug|Any CPU
		{D8F79984-1F27-451F-B5B2-81EEF667DD31}.Debug|Any CPU.Build.0 = Debug|Any CPU
		{D8F79984-1F27-451F-B5B2-81EEF667DD31}.Release|Any CPU.ActiveCfg = Release|Any CPU
		{D8F79984-1F27-451F-B5B2-81EEF667DD31}.Release|Any CPU.Build.0 = Release|Any CPU
	EndGlobalSection
	GlobalSection(SolutionProperties) = preSolution
		HideSolutionNode = FALSE
	EndGlobalSection
	GlobalSection(ExtensibilityGlobals) = postSolution
		SolutionGuid = {B451369E-7302-4F27-9FA1-2A48AF8B5C5A}
	EndGlobalSection
EndGlobal
